{
    "version": 3,
    "terraform_version": "0.11.13",
    "serial": 2,
    "lineage": "262d9c14-7b2d-1bd9-332c-7b179ccd865f",
    "modules": [
        {
            "path": [
                "root"
            ],
            "outputs": {
                "main_public_ip": {
                    "sensitive": false,
                    "type": "string",
                    "value": "santalucia-azurerm-resource.westeurope.cloudapp.azure.com"
                }
            },
            "resources": {
                "azurerm_network_interface.main": {
                    "type": "azurerm_network_interface",
                    "depends_on": [
                        "azurerm_public_ip.main",
                        "azurerm_resource_group.main",
                        "azurerm_subnet.main"
                    ],
                    "primary": {
                        "id": "/subscriptions/dd648d68-599e-4dc6-a4ee-988b14e75b34/resourceGroups/santalucia-resources-for-Linux/providers/Microsoft.Network/networkInterfaces/santalucia-nic",
                        "attributes": {
                            "applied_dns_servers.#": "0",
                            "dns_servers.#": "0",
                            "enable_accelerated_networking": "false",
                            "enable_ip_forwarding": "false",
                            "id": "/subscriptions/dd648d68-599e-4dc6-a4ee-988b14e75b34/resourceGroups/santalucia-resources-for-Linux/providers/Microsoft.Network/networkInterfaces/santalucia-nic",
                            "internal_dns_name_label": "",
                            "ip_configuration.#": "1",
                            "ip_configuration.0.name": "testconfiguration1",
                            "ip_configuration.0.primary": "true",
                            "ip_configuration.0.private_ip_address": "10.0.1.6",
                            "ip_configuration.0.private_ip_address_allocation": "Static",
                            "ip_configuration.0.private_ip_address_version": "IPv4",
                            "ip_configuration.0.public_ip_address_id": "/subscriptions/dd648d68-599e-4dc6-a4ee-988b14e75b34/resourceGroups/santalucia-resources-for-Linux/providers/Microsoft.Network/publicIPAddresses/SantaluciaPIP",
                            "ip_configuration.0.subnet_id": "/subscriptions/dd648d68-599e-4dc6-a4ee-988b14e75b34/resourceGroups/santalucia-resources-for-Linux/providers/Microsoft.Network/virtualNetworks/santalucia-network/subnets/internal",
                            "location": "westeurope",
                            "mac_address": "",
                            "name": "santalucia-nic",
                            "private_ip_address": "10.0.1.6",
                            "private_ip_addresses.#": "1",
                            "private_ip_addresses.0": "10.0.1.6",
                            "resource_group_name": "santalucia-resources-for-Linux",
                            "tags.%": "0",
                            "virtual_machine_id": ""
                        },
                        "meta": {
                            "e2bfb730-ecaa-11e6-8f88-34363bc7c4c0": {
                                "create": 1800000000000,
                                "delete": 1800000000000,
                                "read": 300000000000,
                                "update": 1800000000000
                            }
                        },
                        "tainted": false
                    },
                    "deposed": [],
                    "provider": "provider.azurerm"
                },
                "azurerm_network_interface_security_group_association.main": {
                    "type": "azurerm_network_interface_security_group_association",
                    "depends_on": [
                        "azurerm_network_interface.main",
                        "azurerm_network_security_group.main"
                    ],
                    "primary": {
                        "id": "/subscriptions/dd648d68-599e-4dc6-a4ee-988b14e75b34/resourceGroups/santalucia-resources-for-Linux/providers/Microsoft.Network/networkInterfaces/santalucia-nic|/subscriptions/dd648d68-599e-4dc6-a4ee-988b14e75b34/resourceGroups/santalucia-resources-for-Linux/providers/Microsoft.Network/networkSecurityGroups/myNetworkSecurityGroup",
                        "attributes": {
                            "id": "/subscriptions/dd648d68-599e-4dc6-a4ee-988b14e75b34/resourceGroups/santalucia-resources-for-Linux/providers/Microsoft.Network/networkInterfaces/santalucia-nic|/subscriptions/dd648d68-599e-4dc6-a4ee-988b14e75b34/resourceGroups/santalucia-resources-for-Linux/providers/Microsoft.Network/networkSecurityGroups/myNetworkSecurityGroup",
                            "network_interface_id": "/subscriptions/dd648d68-599e-4dc6-a4ee-988b14e75b34/resourceGroups/santalucia-resources-for-Linux/providers/Microsoft.Network/networkInterfaces/santalucia-nic",
                            "network_security_group_id": "/subscriptions/dd648d68-599e-4dc6-a4ee-988b14e75b34/resourceGroups/santalucia-resources-for-Linux/providers/Microsoft.Network/networkSecurityGroups/myNetworkSecurityGroup"
                        },
                        "meta": {
                            "e2bfb730-ecaa-11e6-8f88-34363bc7c4c0": {
                                "create": 1800000000000,
                                "delete": 1800000000000,
                                "read": 300000000000,
                                "update": 1800000000000
                            }
                        },
                        "tainted": false
                    },
                    "deposed": [],
                    "provider": "provider.azurerm"
                },
                "azurerm_network_security_group.main": {
                    "type": "azurerm_network_security_group",
                    "depends_on": [
                        "azurerm_resource_group.main"
                    ],
                    "primary": {
                        "id": "/subscriptions/dd648d68-599e-4dc6-a4ee-988b14e75b34/resourceGroups/santalucia-resources-for-Linux/providers/Microsoft.Network/networkSecurityGroups/myNetworkSecurityGroup",
                        "attributes": {
                            "id": "/subscriptions/dd648d68-599e-4dc6-a4ee-988b14e75b34/resourceGroups/santalucia-resources-for-Linux/providers/Microsoft.Network/networkSecurityGroups/myNetworkSecurityGroup",
                            "location": "westeurope",
                            "name": "myNetworkSecurityGroup",
                            "resource_group_name": "santalucia-resources-for-Linux",
                            "security_rule.#": "2",
                            "security_rule.3858260784.access": "Allow",
                            "security_rule.3858260784.description": "",
                            "security_rule.3858260784.destination_address_prefix": "*",
                            "security_rule.3858260784.destination_address_prefixes.#": "0",
                            "security_rule.3858260784.destination_application_security_group_ids.#": "0",
                            "security_rule.3858260784.destination_port_range": "22",
                            "security_rule.3858260784.destination_port_ranges.#": "0",
                            "security_rule.3858260784.direction": "Inbound",
                            "security_rule.3858260784.name": "Access-SSH",
                            "security_rule.3858260784.priority": "1001",
                            "security_rule.3858260784.protocol": "Tcp",
                            "security_rule.3858260784.source_address_prefix": "*",
                            "security_rule.3858260784.source_address_prefixes.#": "0",
                            "security_rule.3858260784.source_application_security_group_ids.#": "0",
                            "security_rule.3858260784.source_port_range": "*",
                            "security_rule.3858260784.source_port_ranges.#": "0",
                            "security_rule.870075222.access": "Allow",
                            "security_rule.870075222.description": "",
                            "security_rule.870075222.destination_address_prefix": "*",
                            "security_rule.870075222.destination_address_prefixes.#": "0",
                            "security_rule.870075222.destination_application_security_group_ids.#": "0",
                            "security_rule.870075222.destination_port_range": "80",
                            "security_rule.870075222.destination_port_ranges.#": "0",
                            "security_rule.870075222.direction": "Inbound",
                            "security_rule.870075222.name": "Access-http",
                            "security_rule.870075222.priority": "1002",
                            "security_rule.870075222.protocol": "Tcp",
                            "security_rule.870075222.source_address_prefix": "*",
                            "security_rule.870075222.source_address_prefixes.#": "0",
                            "security_rule.870075222.source_application_security_group_ids.#": "0",
                            "security_rule.870075222.source_port_range": "*",
                            "security_rule.870075222.source_port_ranges.#": "0",
                            "tags.%": "0"
                        },
                        "meta": {
                            "e2bfb730-ecaa-11e6-8f88-34363bc7c4c0": {
                                "create": 1800000000000,
                                "delete": 1800000000000,
                                "read": 300000000000,
                                "update": 1800000000000
                            }
                        },
                        "tainted": false
                    },
                    "deposed": [],
                    "provider": "provider.azurerm"
                },
                "azurerm_public_ip.main": {
                    "type": "azurerm_public_ip",
                    "depends_on": [
                        "azurerm_resource_group.main"
                    ],
                    "primary": {
                        "id": "/subscriptions/dd648d68-599e-4dc6-a4ee-988b14e75b34/resourceGroups/santalucia-resources-for-Linux/providers/Microsoft.Network/publicIPAddresses/SantaluciaPIP",
                        "attributes": {
                            "allocation_method": "Dynamic",
                            "domain_name_label": "santalucia-azurerm-resource",
                            "fqdn": "santalucia-azurerm-resource.westeurope.cloudapp.azure.com",
                            "id": "/subscriptions/dd648d68-599e-4dc6-a4ee-988b14e75b34/resourceGroups/santalucia-resources-for-Linux/providers/Microsoft.Network/publicIPAddresses/SantaluciaPIP",
                            "idle_timeout_in_minutes": "4",
                            "ip_address": "",
                            "ip_version": "IPv4",
                            "location": "westeurope",
                            "name": "SantaluciaPIP",
                            "resource_group_name": "santalucia-resources-for-Linux",
                            "reverse_fqdn": "",
                            "sku": "Basic",
                            "tags.%": "0",
                            "zones.#": "0"
                        },
                        "meta": {
                            "e2bfb730-ecaa-11e6-8f88-34363bc7c4c0": {
                                "create": 1800000000000,
                                "delete": 1800000000000,
                                "read": 300000000000,
                                "update": 1800000000000
                            }
                        },
                        "tainted": false
                    },
                    "deposed": [],
                    "provider": "provider.azurerm"
                },
                "azurerm_resource_group.main": {
                    "type": "azurerm_resource_group",
                    "depends_on": [],
                    "primary": {
                        "id": "/subscriptions/dd648d68-599e-4dc6-a4ee-988b14e75b34/resourceGroups/santalucia-resources-for-Linux",
                        "attributes": {
                            "id": "/subscriptions/dd648d68-599e-4dc6-a4ee-988b14e75b34/resourceGroups/santalucia-resources-for-Linux",
                            "location": "westeurope",
                            "name": "santalucia-resources-for-Linux",
                            "tags.%": "0"
                        },
                        "meta": {
                            "e2bfb730-ecaa-11e6-8f88-34363bc7c4c0": {
                                "create": 5400000000000,
                                "delete": 5400000000000,
                                "read": 300000000000,
                                "update": 5400000000000
                            }
                        },
                        "tainted": false
                    },
                    "deposed": [],
                    "provider": "provider.azurerm"
                },
                "azurerm_subnet.main": {
                    "type": "azurerm_subnet",
                    "depends_on": [
                        "azurerm_resource_group.main",
                        "azurerm_virtual_network.main"
                    ],
                    "primary": {
                        "id": "/subscriptions/dd648d68-599e-4dc6-a4ee-988b14e75b34/resourceGroups/santalucia-resources-for-Linux/providers/Microsoft.Network/virtualNetworks/santalucia-network/subnets/internal",
                        "attributes": {
                            "address_prefix": "10.0.1.0/24",
                            "delegation.#": "0",
                            "enforce_private_link_endpoint_network_policies": "false",
                            "enforce_private_link_service_network_policies": "false",
                            "id": "/subscriptions/dd648d68-599e-4dc6-a4ee-988b14e75b34/resourceGroups/santalucia-resources-for-Linux/providers/Microsoft.Network/virtualNetworks/santalucia-network/subnets/internal",
                            "name": "internal",
                            "resource_group_name": "santalucia-resources-for-Linux",
                            "service_endpoints.#": "0",
                            "virtual_network_name": "santalucia-network"
                        },
                        "meta": {
                            "e2bfb730-ecaa-11e6-8f88-34363bc7c4c0": {
                                "create": 1800000000000,
                                "delete": 1800000000000,
                                "read": 300000000000,
                                "update": 1800000000000
                            }
                        },
                        "tainted": false
                    },
                    "deposed": [],
                    "provider": "provider.azurerm"
                },
                "azurerm_virtual_machine.main": {
                    "type": "azurerm_virtual_machine",
                    "depends_on": [
                        "azurerm_network_interface.main",
                        "azurerm_resource_group.main",
                        "data.azurerm_image.custom"
                    ],
                    "primary": {
                        "id": "/subscriptions/dd648d68-599e-4dc6-a4ee-988b14e75b34/resourceGroups/santalucia-resources-for-Linux/providers/Microsoft.Compute/virtualMachines/santalucia-vm-linux",
                        "attributes": {
                            "additional_capabilities.#": "0",
                            "delete_data_disks_on_termination": "false",
                            "delete_os_disk_on_termination": "false",
                            "id": "/subscriptions/dd648d68-599e-4dc6-a4ee-988b14e75b34/resourceGroups/santalucia-resources-for-Linux/providers/Microsoft.Compute/virtualMachines/santalucia-vm-linux",
                            "identity.#": "0",
                            "location": "westeurope",
                            "name": "santalucia-vm-linux",
                            "network_interface_ids.#": "1",
                            "network_interface_ids.0": "/subscriptions/dd648d68-599e-4dc6-a4ee-988b14e75b34/resourceGroups/santalucia-resources-for-Linux/providers/Microsoft.Network/networkInterfaces/santalucia-nic",
                            "os_profile.#": "1",
                            "os_profile.2950785455.admin_password": "",
                            "os_profile.2950785455.admin_username": "arqsis",
                            "os_profile.2950785455.computer_name": "Prueba-Linux",
                            "os_profile.2950785455.custom_data": "",
                            "os_profile_linux_config.#": "1",
                            "os_profile_linux_config.2972667452.disable_password_authentication": "false",
                            "os_profile_linux_config.2972667452.ssh_keys.#": "0",
                            "os_profile_secrets.#": "0",
                            "os_profile_windows_config.#": "0",
                            "plan.#": "0",
                            "resource_group_name": "santalucia-resources-for-Linux",
                            "storage_data_disk.#": "0",
                            "storage_image_reference.#": "1",
                            "storage_image_reference.2222643536.id": "/subscriptions/dd648d68-599e-4dc6-a4ee-988b14e75b34/resourceGroups/santalucia-imagenes-packer/providers/Microsoft.Compute/images/linux-image-packer",
                            "storage_image_reference.2222643536.offer": "",
                            "storage_image_reference.2222643536.publisher": "",
                            "storage_image_reference.2222643536.sku": "",
                            "storage_image_reference.2222643536.version": "",
                            "storage_os_disk.#": "1",
                            "storage_os_disk.0.caching": "ReadWrite",
                            "storage_os_disk.0.create_option": "FromImage",
                            "storage_os_disk.0.disk_size_gb": "30",
                            "storage_os_disk.0.image_uri": "",
                            "storage_os_disk.0.managed_disk_id": "/subscriptions/dd648d68-599e-4dc6-a4ee-988b14e75b34/resourceGroups/SANTALUCIA-RESOURCES-FOR-LINUX/providers/Microsoft.Compute/disks/santalucia-Linux-osdisk",
                            "storage_os_disk.0.managed_disk_type": "Standard_LRS",
                            "storage_os_disk.0.name": "santalucia-Linux-osdisk",
                            "storage_os_disk.0.os_type": "Linux",
                            "storage_os_disk.0.vhd_uri": "",
                            "storage_os_disk.0.write_accelerator_enabled": "false",
                            "tags.%": "0",
                            "vm_size": "Standard_A2_v2",
                            "zones.#": "0"
                        },
                        "meta": {
                            "e2bfb730-ecaa-11e6-8f88-34363bc7c4c0": {
                                "create": 3600000000000,
                                "delete": 3600000000000,
                                "read": 300000000000,
                                "update": 3600000000000
                            }
                        },
                        "tainted": false
                    },
                    "deposed": [],
                    "provider": "provider.azurerm"
                },
                "azurerm_virtual_network.main": {
                    "type": "azurerm_virtual_network",
                    "depends_on": [
                        "azurerm_resource_group.main"
                    ],
                    "primary": {
                        "id": "/subscriptions/dd648d68-599e-4dc6-a4ee-988b14e75b34/resourceGroups/santalucia-resources-for-Linux/providers/Microsoft.Network/virtualNetworks/santalucia-network",
                        "attributes": {
                            "address_space.#": "1",
                            "address_space.0": "10.0.0.0/16",
                            "ddos_protection_plan.#": "0",
                            "dns_servers.#": "0",
                            "id": "/subscriptions/dd648d68-599e-4dc6-a4ee-988b14e75b34/resourceGroups/santalucia-resources-for-Linux/providers/Microsoft.Network/virtualNetworks/santalucia-network",
                            "location": "westeurope",
                            "name": "santalucia-network",
                            "resource_group_name": "santalucia-resources-for-Linux",
                            "subnet.#": "0",
                            "tags.%": "0"
                        },
                        "meta": {
                            "e2bfb730-ecaa-11e6-8f88-34363bc7c4c0": {
                                "create": 1800000000000,
                                "delete": 1800000000000,
                                "read": 300000000000,
                                "update": 1800000000000
                            }
                        },
                        "tainted": false
                    },
                    "deposed": [],
                    "provider": "provider.azurerm"
                },
                "data.azurerm_image.custom": {
                    "type": "azurerm_image",
                    "depends_on": [],
                    "primary": {
                        "id": "/subscriptions/dd648d68-599e-4dc6-a4ee-988b14e75b34/resourceGroups/santalucia-imagenes-packer/providers/Microsoft.Compute/images/linux-image-packer",
                        "attributes": {
                            "data_disk.#": "0",
                            "id": "/subscriptions/dd648d68-599e-4dc6-a4ee-988b14e75b34/resourceGroups/santalucia-imagenes-packer/providers/Microsoft.Compute/images/linux-image-packer",
                            "location": "westeurope",
                            "name": "linux-image-packer",
                            "os_disk.#": "1",
                            "os_disk.0.blob_uri": "",
                            "os_disk.0.caching": "ReadWrite",
                            "os_disk.0.managed_disk_id": "/subscriptions/dd648d68-599e-4dc6-a4ee-988b14e75b34/resourceGroups/PKR-RESOURCE-GROUP-JFU4NNH1MX/providers/Microsoft.Compute/disks/pkrosjfu4nnh1mx",
                            "os_disk.0.os_state": "Generalized",
                            "os_disk.0.os_type": "Linux",
                            "os_disk.0.size_gb": "30",
                            "resource_group_name": "santalucia-imagenes-packer",
                            "sort_descending": "false",
                            "tags.%": "0",
                            "zone_resilient": "false"
                        },
                        "meta": {},
                        "tainted": false
                    },
                    "deposed": [],
                    "provider": "provider.azurerm"
                }
            },
            "depends_on": []
        }
    ]
}
